// !$*UTF8*$!
{
	archiveVersion = 1;
	classes = {
	};
	objectVersion = 46;
	objects = {

/* Begin PBXBuildFile section */
		602601221ABE31C400D5EBCB /* toolbar_icon.png in Resources */ = {isa = PBXBuildFile; fileRef = 602601211ABE31C400D5EBCB /* toolbar_icon.png */; };
		602601241ABE436200D5EBCB /* PreferencesMenu.xib in Resources */ = {isa = PBXBuildFile; fileRef = 602601231ABE436200D5EBCB /* PreferencesMenu.xib */; };
		602601271ABE449000D5EBCB /* ORPreferencesEditorViewController.m in Sources */ = {isa = PBXBuildFile; fileRef = 602601261ABE449000D5EBCB /* ORPreferencesEditorViewController.m */; };
		602601501ABE579500D5EBCB /* ORSimpleSourceListView.m in Sources */ = {isa = PBXBuildFile; fileRef = 6026014F1ABE579500D5EBCB /* ORSimpleSourceListView.m */; };
		6026015B1ABE5F1B00D5EBCB /* ORWhiteColouredView.m in Sources */ = {isa = PBXBuildFile; fileRef = 6026015A1ABE5F1B00D5EBCB /* ORWhiteColouredView.m */; };
		60C8922B1ABDCA2D001801F9 /* AppKit.framework in Frameworks */ = {isa = PBXBuildFile; fileRef = 60C8922A1ABDCA2D001801F9 /* AppKit.framework */; };
		60C8922D1ABDCA2D001801F9 /* Foundation.framework in Frameworks */ = {isa = PBXBuildFile; fileRef = 60C8922C1ABDCA2D001801F9 /* Foundation.framework */; };
		60C892321ABDCA2D001801F9 /* Preferences.xcscheme in Resources */ = {isa = PBXBuildFile; fileRef = 60C892311ABDCA2D001801F9 /* Preferences.xcscheme */; };
		60C892351ABDCA2D001801F9 /* ORPreferences.m in Sources */ = {isa = PBXBuildFile; fileRef = 60C892341ABDCA2D001801F9 /* ORPreferences.m */; };
		60C8923D1ABDD3F8001801F9 /* ORPreferencesEnhancer.m in Sources */ = {isa = PBXBuildFile; fileRef = 60C8923C1ABDD3F8001801F9 /* ORPreferencesEnhancer.m */; };
/* End PBXBuildFile section */

/* Begin PBXFileReference section */
		602601211ABE31C400D5EBCB /* toolbar_icon.png */ = {isa = PBXFileReference; lastKnownFileType = image.png; path = toolbar_icon.png; sourceTree = "<group>"; };
		602601231ABE436200D5EBCB /* PreferencesMenu.xib */ = {isa = PBXFileReference; fileEncoding = 4; lastKnownFileType = file.xib; path = PreferencesMenu.xib; sourceTree = "<group>"; };
		602601251ABE449000D5EBCB /* ORPreferencesEditorViewController.h */ = {isa = PBXFileReference; fileEncoding = 4; lastKnownFileType = sourcecode.c.h; path = ORPreferencesEditorViewController.h; sourceTree = "<group>"; };
		602601261ABE449000D5EBCB /* ORPreferencesEditorViewController.m */ = {isa = PBXFileReference; fileEncoding = 4; lastKnownFileType = sourcecode.c.objc; path = ORPreferencesEditorViewController.m; sourceTree = "<group>"; };
		6026014E1ABE579500D5EBCB /* ORSimpleSourceListView.h */ = {isa = PBXFileReference; fileEncoding = 4; lastKnownFileType = sourcecode.c.h; path = ORSimpleSourceListView.h; sourceTree = "<group>"; };
		6026014F1ABE579500D5EBCB /* ORSimpleSourceListView.m */ = {isa = PBXFileReference; fileEncoding = 4; lastKnownFileType = sourcecode.c.objc; path = ORSimpleSourceListView.m; sourceTree = "<group>"; };
		602601591ABE5F1B00D5EBCB /* ORWhiteColouredView.h */ = {isa = PBXFileReference; fileEncoding = 4; lastKnownFileType = sourcecode.c.h; path = ORWhiteColouredView.h; sourceTree = "<group>"; };
		6026015A1ABE5F1B00D5EBCB /* ORWhiteColouredView.m */ = {isa = PBXFileReference; fileEncoding = 4; lastKnownFileType = sourcecode.c.objc; path = ORWhiteColouredView.m; sourceTree = "<group>"; };
		609999091ABDCC3600C3431A /* PreferencesProtocol.h */ = {isa = PBXFileReference; lastKnownFileType = sourcecode.c.h; path = PreferencesProtocol.h; sourceTree = "<group>"; };
		60C892271ABDCA2D001801F9 /* Preferences.xcplugin */ = {isa = PBXFileReference; explicitFileType = wrapper.cfbundle; includeInIndex = 0; path = Preferences.xcplugin; sourceTree = BUILT_PRODUCTS_DIR; };
		60C8922A1ABDCA2D001801F9 /* AppKit.framework */ = {isa = PBXFileReference; lastKnownFileType = wrapper.framework; name = AppKit.framework; path = /System/Library/Frameworks/AppKit.framework; sourceTree = "<absolute>"; };
		60C8922C1ABDCA2D001801F9 /* Foundation.framework */ = {isa = PBXFileReference; lastKnownFileType = wrapper.framework; name = Foundation.framework; path = /System/Library/Frameworks/Foundation.framework; sourceTree = "<absolute>"; };
		60C892301ABDCA2D001801F9 /* Info.plist */ = {isa = PBXFileReference; lastKnownFileType = text.plist.xml; path = Info.plist; sourceTree = "<group>"; };
		60C892311ABDCA2D001801F9 /* Preferences.xcscheme */ = {isa = PBXFileReference; lastKnownFileType = text.xml; name = Preferences.xcscheme; path = Preferences.xcodeproj/xcshareddata/xcschemes/Preferences.xcscheme; sourceTree = SOURCE_ROOT; };
		60C892331ABDCA2D001801F9 /* ORPreferences.h */ = {isa = PBXFileReference; lastKnownFileType = sourcecode.c.h; path = ORPreferences.h; sourceTree = "<group>"; };
		60C892341ABDCA2D001801F9 /* ORPreferences.m */ = {isa = PBXFileReference; lastKnownFileType = sourcecode.c.objc; path = ORPreferences.m; sourceTree = "<group>"; };
		60C8923B1ABDD3F8001801F9 /* ORPreferencesEnhancer.h */ = {isa = PBXFileReference; fileEncoding = 4; lastKnownFileType = sourcecode.c.h; path = ORPreferencesEnhancer.h; sourceTree = "<group>"; };
		60C8923C1ABDD3F8001801F9 /* ORPreferencesEnhancer.m */ = {isa = PBXFileReference; fileEncoding = 4; lastKnownFileType = sourcecode.c.objc; path = ORPreferencesEnhancer.m; sourceTree = "<group>"; };
/* End PBXFileReference section */

/* Begin PBXFrameworksBuildPhase section */
		60C892251ABDCA2D001801F9 /* Frameworks */ = {
			isa = PBXFrameworksBuildPhase;
			buildActionMask = 2147483647;
			files = (
				60C8922B1ABDCA2D001801F9 /* AppKit.framework in Frameworks */,
				60C8922D1ABDCA2D001801F9 /* Foundation.framework in Frameworks */,
			);
			runOnlyForDeploymentPostprocessing = 0;
		};
/* End PBXFrameworksBuildPhase section */

/* Begin PBXGroup section */
		602601201ABE31B000D5EBCB /* Resources */ = {
			isa = PBXGroup;
			children = (
				602601211ABE31C400D5EBCB /* toolbar_icon.png */,
			);
			name = Resources;
			sourceTree = "<group>";
		};
		60C8921E1ABDCA2D001801F9 = {
			isa = PBXGroup;
			children = (
				60C8922E1ABDCA2D001801F9 /* Preferences */,
				60C892291ABDCA2D001801F9 /* Frameworks */,
				60C892281ABDCA2D001801F9 /* Products */,
			);
			sourceTree = "<group>";
		};
		60C892281ABDCA2D001801F9 /* Products */ = {
			isa = PBXGroup;
			children = (
				60C892271ABDCA2D001801F9 /* Preferences.xcplugin */,
			);
			name = Products;
			sourceTree = "<group>";
		};
		60C892291ABDCA2D001801F9 /* Frameworks */ = {
			isa = PBXGroup;
			children = (
				60C8922A1ABDCA2D001801F9 /* AppKit.framework */,
				60C8922C1ABDCA2D001801F9 /* Foundation.framework */,
			);
			name = Frameworks;
			sourceTree = "<group>";
		};
		60C8922E1ABDCA2D001801F9 /* Preferences */ = {
			isa = PBXGroup;
			children = (
				602601201ABE31B000D5EBCB /* Resources */,
				609999091ABDCC3600C3431A /* PreferencesProtocol.h */,
				60C892331ABDCA2D001801F9 /* ORPreferences.h */,
				60C892341ABDCA2D001801F9 /* ORPreferences.m */,
				60C8923B1ABDD3F8001801F9 /* ORPreferencesEnhancer.h */,
				60C8923C1ABDD3F8001801F9 /* ORPreferencesEnhancer.m */,
				60C8922F1ABDCA2D001801F9 /* Supporting Files */,
				602601231ABE436200D5EBCB /* PreferencesMenu.xib */,
				602601251ABE449000D5EBCB /* ORPreferencesEditorViewController.h */,
				602601261ABE449000D5EBCB /* ORPreferencesEditorViewController.m */,
				6026014E1ABE579500D5EBCB /* ORSimpleSourceListView.h */,
				6026014F1ABE579500D5EBCB /* ORSimpleSourceListView.m */,
				602601591ABE5F1B00D5EBCB /* ORWhiteColouredView.h */,
				6026015A1ABE5F1B00D5EBCB /* ORWhiteColouredView.m */,
			);
			path = Preferences;
			sourceTree = "<group>";
		};
		60C8922F1ABDCA2D001801F9 /* Supporting Files */ = {
			isa = PBXGroup;
			children = (
				60C892301ABDCA2D001801F9 /* Info.plist */,
				60C892311ABDCA2D001801F9 /* Preferences.xcscheme */,
			);
			name = "Supporting Files";
			sourceTree = "<group>";
		};
/* End PBXGroup section */

/* Begin PBXNativeTarget section */
		60C892261ABDCA2D001801F9 /* Preferences */ = {
			isa = PBXNativeTarget;
			buildConfigurationList = 60C892381ABDCA2D001801F9 /* Build configuration list for PBXNativeTarget "Preferences" */;
			buildPhases = (
				60C892231ABDCA2D001801F9 /* Sources */,
				60C892241ABDCA2D001801F9 /* Resources */,
				60C892251ABDCA2D001801F9 /* Frameworks */,
			);
			buildRules = (
			);
			dependencies = (
			);
			name = Preferences;
			productName = Preferences;
			productReference = 60C892271ABDCA2D001801F9 /* Preferences.xcplugin */;
			productType = "com.apple.product-type.bundle";
		};
/* End PBXNativeTarget section */

/* Begin PBXProject section */
		60C8921F1ABDCA2D001801F9 /* Project object */ = {
			isa = PBXProject;
			attributes = {
				LastUpgradeCheck = 0620;
				ORGANIZATIONNAME = "orta therox";
				TargetAttributes = {
					60C892261ABDCA2D001801F9 = {
						CreatedOnToolsVersion = 6.2;
					};
				};
			};
			buildConfigurationList = 60C892221ABDCA2D001801F9 /* Build configuration list for PBXProject "Preferences" */;
			compatibilityVersion = "Xcode 3.2";
			developmentRegion = English;
			hasScannedForEncodings = 0;
			knownRegions = (
				en,
			);
			mainGroup = 60C8921E1ABDCA2D001801F9;
			productRefGroup = 60C892281ABDCA2D001801F9 /* Products */;
			projectDirPath = "";
			projectRoot = "";
			targets = (
				60C892261ABDCA2D001801F9 /* Preferences */,
			);
		};
/* End PBXProject section */

/* Begin PBXResourcesBuildPhase section */
		60C892241ABDCA2D001801F9 /* Resources */ = {
			isa = PBXResourcesBuildPhase;
			buildActionMask = 2147483647;
			files = (
				602601221ABE31C400D5EBCB /* toolbar_icon.png in Resources */,
				602601241ABE436200D5EBCB /* PreferencesMenu.xib in Resources */,
				60C892321ABDCA2D001801F9 /* Preferences.xcscheme in Resources */,
			);
			runOnlyForDeploymentPostprocessing = 0;
		};
/* End PBXResourcesBuildPhase section */

/* Begin PBXSourcesBuildPhase section */
		60C892231ABDCA2D001801F9 /* Sources */ = {
			isa = PBXSourcesBuildPhase;
			buildActionMask = 2147483647;
			files = (
				602601501ABE579500D5EBCB /* ORSimpleSourceListView.m in Sources */,
				6026015B1ABE5F1B00D5EBCB /* ORWhiteColouredView.m in Sources */,
				60C8923D1ABDD3F8001801F9 /* ORPreferencesEnhancer.m in Sources */,
				602601271ABE449000D5EBCB /* ORPreferencesEditorViewController.m in Sources */,
				60C892351ABDCA2D001801F9 /* ORPreferences.m in Sources */,
			);
			runOnlyForDeploymentPostprocessing = 0;
		};
/* End PBXSourcesBuildPhase section */

/* Begin XCBuildConfiguration section */
		60C892361ABDCA2D001801F9 /* Debug */ = {
			isa = XCBuildConfiguration;
			buildSettings = {
				ALWAYS_SEARCH_USER_PATHS = NO;
				CLANG_CXX_LANGUAGE_STANDARD = "gnu++0x";
				CLANG_CXX_LIBRARY = "libc++";
				CLANG_ENABLE_MODULES = YES;
				CLANG_ENABLE_OBJC_ARC = YES;
				CLANG_WARN_BOOL_CONVERSION = YES;
				CLANG_WARN_CONSTANT_CONVERSION = YES;
				CLANG_WARN_DIRECT_OBJC_ISA_USAGE = YES_ERROR;
				CLANG_WARN_EMPTY_BODY = YES;
				CLANG_WARN_ENUM_CONVERSION = YES;
				CLANG_WARN_INT_CONVERSION = YES;
				CLANG_WARN_OBJC_ROOT_CLASS = YES_ERROR;
				CLANG_WARN_UNREACHABLE_CODE = YES;
				CLANG_WARN__DUPLICATE_METHOD_MATCH = YES;
				COPY_PHASE_STRIP = NO;
				ENABLE_STRICT_OBJC_MSGSEND = YES;
				GCC_C_LANGUAGE_STANDARD = gnu99;
				GCC_DYNAMIC_NO_PIC = NO;
				GCC_OPTIMIZATION_LEVEL = 0;
				GCC_PREPROCESSOR_DEFINITIONS = (
					"DEBUG=1",
					"$(inherited)",
				);
				GCC_SYMBOLS_PRIVATE_EXTERN = NO;
				GCC_WARN_64_TO_32_BIT_CONVERSION = YES;
				GCC_WARN_ABOUT_RETURN_TYPE = YES_ERROR;
				GCC_WARN_UNDECLARED_SELECTOR = YES;
				GCC_WARN_UNINITIALIZED_AUTOS = YES_AGGRESSIVE;
				GCC_WARN_UNUSED_FUNCTION = YES;
				GCC_WARN_UNUSED_VARIABLE = YES;
				MTL_ENABLE_DEBUG_INFO = YES;
				ONLY_ACTIVE_ARCH = YES;
			};
			name = Debug;
		};
		60C892371ABDCA2D001801F9 /* Release */ = {
			isa = XCBuildConfiguration;
			buildSettings = {
				ALWAYS_SEARCH_USER_PATHS = NO;
				CLANG_CXX_LANGUAGE_STANDARD = "gnu++0x";
				CLANG_CXX_LIBRARY = "libc++";
				CLANG_ENABLE_MODULES = YES;
				CLANG_ENABLE_OBJC_ARC = YES;
				CLANG_WARN_BOOL_CONVERSION = YES;
				CLANG_WARN_CONSTANT_CONVERSION = YES;
				CLANG_WARN_DIRECT_OBJC_ISA_USAGE = YES_ERROR;
				CLANG_WARN_EMPTY_BODY = YES;
				CLANG_WARN_ENUM_CONVERSION = YES;
				CLANG_WARN_INT_CONVERSION = YES;
				CLANG_WARN_OBJC_ROOT_CLASS = YES_ERROR;
				CLANG_WARN_UNREACHABLE_CODE = YES;
				CLANG_WARN__DUPLICATE_METHOD_MATCH = YES;
				COPY_PHASE_STRIP = NO;
				ENABLE_NS_ASSERTIONS = NO;
				ENABLE_STRICT_OBJC_MSGSEND = YES;
				GCC_C_LANGUAGE_STANDARD = gnu99;
				GCC_WARN_64_TO_32_BIT_CONVERSION = YES;
				GCC_WARN_ABOUT_RETURN_TYPE = YES_ERROR;
				GCC_WARN_UNDECLARED_SELECTOR = YES;
				GCC_WARN_UNINITIALIZED_AUTOS = YES_AGGRESSIVE;
				GCC_WARN_UNUSED_FUNCTION = YES;
				GCC_WARN_UNUSED_VARIABLE = YES;
				MTL_ENABLE_DEBUG_INFO = NO;
			};
			name = Release;
		};
		60C892391ABDCA2D001801F9 /* Debug */ = {
			isa = XCBuildConfiguration;
			buildSettings = {
				COMBINE_HIDPI_IMAGES = YES;
				DEPLOYMENT_LOCATION = YES;
				DSTROOT = "$(HOME)";
				INFOPLIST_FILE = Preferences/Info.plist;
				INSTALL_PATH = "/Library/Application Support/Developer/Shared/Xcode/Plug-ins";
				MACOSX_DEPLOYMENT_TARGET = 10.10;
				PRODUCT_NAME = "$(TARGET_NAME)";
				WRAPPER_EXTENSION = xcplugin;
			};
			name = Debug;
		};
		60C8923A1ABDCA2D001801F9 /* Release */ = {
			isa = XCBuildConfiguration;
			buildSettings = {
				COMBINE_HIDPI_IMAGES = YES;
				DEPLOYMENT_LOCATION = YES;
				DSTROOT = "$(HOME)";
				INFOPLIST_FILE = Preferences/Info.plist;
				INSTALL_PATH = "/Library/Application Support/Developer/Shared/Xcode/Plug-ins";
				MACOSX_DEPLOYMENT_TARGET = 10.10;
				PRODUCT_NAME = "$(TARGET_NAME)";
				WRAPPER_EXTENSION = xcplugin;
			};
			name = Release;
		};
/* End XCBuildConfiguration section */

/* Begin XCConfigurationList section */
		60C892221ABDCA2D001801F9 /* Build configuration list for PBXProject "Preferences" */ = {
			isa = XCConfigurationList;
			buildConfigurations = (
				60C892361ABDCA2D001801F9 /* Debug */,
				60C892371ABDCA2D001801F9 /* Release */,
			);
			defaultConfigurationIsVisible = 0;
			defaultConfigurationName = Release;
		};
		60C892381ABDCA2D001801F9 /* Build configuration list for PBXNativeTarget "Preferences" */ = {
			isa = XCConfigurationList;
			buildConfigurations = (
				60C892391ABDCA2D001801F9 /* Debug */,
				60C8923A1ABDCA2D001801F9 /* Release */,
			);
			defaultConfigurationIsVisible = 0;
			defaultConfigurationName = Release;
		};
/* End XCConfigurationList section */
	};
	rootObject = 60C8921F1ABDCA2D001801F9 /* Project object */;
}
